
Microsoft Visual Studio Solution File, Format Version 12.00
# Visual Studio Version 17
VisualStudioVersion = 17.13.35919.96 d17.13
MinimumVisualStudioVersion = 10.0.40219.1
Project("{FAE04EC0-301F-11D3-BF4B-00C04F79EFBC}") = "WindowsForms_Library", "WindowsForms_Library.csproj", "{382C3D69-40CD-47B3-B119-8EEFF040215E}"
EndProject
Global
	GlobalSection(SolutionConfigurationPlatforms) = preSolution
		Debug|Any CPU = Debug|Any CPU
		Release|Any CPU = Release|Any CPU
	EndGlobalSection
	GlobalSection(ProjectConfigurationPlatforms) = postSolution
		{382C3D69-40CD-47B3-B119-8EEFF040215E}.Debug|Any CPU.ActiveCfg = Debug|Any CPU
		{382C3D69-40CD-47B3-B119-8EEFF040215E}.Debug|Any CPU.Build.0 = Debug|Any CPU
		{382C3D69-40CD-47B3-B119-8EEFF040215E}.Release|Any CPU.ActiveCfg = Release|Any CPU
		{382C3D69-40CD-47B3-B119-8EEFF040215E}.Release|Any CPU.Build.0 = Release|Any CPU
	EndGlobalSection
	GlobalSection(SolutionProperties) = preSolution
		HideSolutionNode = FALSE
	EndGlobalSection
	GlobalSection(ExtensibilityGlobals) = postSolution
		SolutionGuid = {6EF32F44-DC71-4D55-AF1E-47B3E4336DA4}
	EndGlobalSection
EndGlobal
