
Microsoft Visual Studio Solution File, Format Version 12.00
# Visual Studio Version 17
VisualStudioVersion = 17.13.35919.96 d17.13
MinimumVisualStudioVersion = 10.0.40219.1
Project("{FAE04EC0-301F-11D3-BF4B-00C04F79EFBC}") = "MemoryGame", "MemoryGame.csproj", "{494CD5F5-1462-471B-9A7F-BAB969354854}"
EndProject
Global
	GlobalSection(SolutionConfigurationPlatforms) = preSolution
		Debug|Any CPU = Debug|Any CPU
		Release|Any CPU = Release|Any CPU
	EndGlobalSection
	GlobalSection(ProjectConfigurationPlatforms) = postSolution
		{494CD5F5-1462-471B-9A7F-BAB969354854}.Debug|Any CPU.ActiveCfg = Debug|Any CPU
		{494CD5F5-1462-471B-9A7F-BAB969354854}.Debug|Any CPU.Build.0 = Debug|Any CPU
		{494CD5F5-1462-471B-9A7F-BAB969354854}.Release|Any CPU.ActiveCfg = Release|Any CPU
		{494CD5F5-1462-471B-9A7F-BAB969354854}.Release|Any CPU.Build.0 = Release|Any CPU
	EndGlobalSection
	GlobalSection(SolutionProperties) = preSolution
		HideSolutionNode = FALSE
	EndGlobalSection
	GlobalSection(ExtensibilityGlobals) = postSolution
		SolutionGuid = {F28A1D74-6776-4E1B-BCED-7F02F63D308E}
	EndGlobalSection
EndGlobal
